
Microsoft Visual Studio Solution File, Format Version 11.00
# Visual Studio 2010
Project("{FAE04EC0-301F-11D3-BF4B-00C04F79EFBC}") = "Assembly-CSharp", "Assembly-CSharp.csproj", "{0BEEC063-570B-65D4-88EE-CB38C1A5A2F1}"
EndProject
Project("{FAE04EC0-301F-11D3-BF4B-00C04F79EFBC}") = "Assembly-CSharp-firstpass", "Assembly-CSharp-firstpass.csproj", "{68E1A2D6-733A-3159-0781-515D18CEF0CE}"
EndProject
Project("{FAE04EC0-301F-11D3-BF4B-00C04F79EFBC}") = "Assembly-CSharp-Editor-firstpass", "Assembly-CSharp-Editor-firstpass.csproj", "{5CA45CBC-8B75-AA1C-9B0A-1BE5E9434D1A}"
EndProject
Project("{FAE04EC0-301F-11D3-BF4B-00C04F79EFBC}") = "Assembly-CSharp-Editor", "Assembly-CSharp-Editor.csproj", "{1E74814C-E686-A1D6-F087-913E9ACDB88C}"
EndProject
Global
	GlobalSection(SolutionConfigurationPlatforms) = preSolution
		Debug|Any CPU = Debug|Any CPU
		Release|Any CPU = Release|Any CPU
	EndGlobalSection
	GlobalSection(ProjectConfigurationPlatforms) = postSolution
		{0BEEC063-570B-65D4-88EE-CB38C1A5A2F1}.Debug|Any CPU.ActiveCfg = Debug|Any CPU
		{0BEEC063-570B-65D4-88EE-CB38C1A5A2F1}.Debug|Any CPU.Build.0 = Debug|Any CPU
		{0BEEC063-570B-65D4-88EE-CB38C1A5A2F1}.Release|Any CPU.ActiveCfg = Release|Any CPU
		{0BEEC063-570B-65D4-88EE-CB38C1A5A2F1}.Release|Any CPU.Build.0 = Release|Any CPU
		{68E1A2D6-733A-3159-0781-515D18CEF0CE}.Debug|Any CPU.ActiveCfg = Debug|Any CPU
		{68E1A2D6-733A-3159-0781-515D18CEF0CE}.Debug|Any CPU.Build.0 = Debug|Any CPU
		{68E1A2D6-733A-3159-0781-515D18CEF0CE}.Release|Any CPU.ActiveCfg = Release|Any CPU
		{68E1A2D6-733A-3159-0781-515D18CEF0CE}.Release|Any CPU.Build.0 = Release|Any CPU
		{5CA45CBC-8B75-AA1C-9B0A-1BE5E9434D1A}.Debug|Any CPU.ActiveCfg = Debug|Any CPU
		{5CA45CBC-8B75-AA1C-9B0A-1BE5E9434D1A}.Debug|Any CPU.Build.0 = Debug|Any CPU
		{5CA45CBC-8B75-AA1C-9B0A-1BE5E9434D1A}.Release|Any CPU.ActiveCfg = Release|Any CPU
		{5CA45CBC-8B75-AA1C-9B0A-1BE5E9434D1A}.Release|Any CPU.Build.0 = Release|Any CPU
		{1E74814C-E686-A1D6-F087-913E9ACDB88C}.Debug|Any CPU.ActiveCfg = Debug|Any CPU
		{1E74814C-E686-A1D6-F087-913E9ACDB88C}.Debug|Any CPU.Build.0 = Debug|Any CPU
		{1E74814C-E686-A1D6-F087-913E9ACDB88C}.Release|Any CPU.ActiveCfg = Release|Any CPU
		{1E74814C-E686-A1D6-F087-913E9ACDB88C}.Release|Any CPU.Build.0 = Release|Any CPU
	EndGlobalSection
	GlobalSection(SolutionProperties) = preSolution
		HideSolutionNode = FALSE
	EndGlobalSection
	GlobalSection(MonoDevelopProperties) = preSolution
		StartupItem = Assembly-CSharp.csproj
	EndGlobalSection
EndGlobal
